// !$*UTF8*$!
{
	archiveVersion = 1;
	classes = {
	};
	objectVersion = 46;
	objects = {

/* Begin PBXBuildFile section */
		5824DF0F1A12F4AF004ABB6E /* AppDelegate.swift in Sources */ = {isa = PBXBuildFile; fileRef = 5824DF0E1A12F4AF004ABB6E /* AppDelegate.swift */; };
		5824DF111A12F4AF004ABB6E /* GameScene.sks in Resources */ = {isa = PBXBuildFile; fileRef = 5824DF101A12F4AF004ABB6E /* GameScene.sks */; };
		5824DF131A12F4AF004ABB6E /* GameScene.swift in Sources */ = {isa = PBXBuildFile; fileRef = 5824DF121A12F4AF004ABB6E /* GameScene.swift */; };
		5824DF151A12F4AF004ABB6E /* GameViewController.swift in Sources */ = {isa = PBXBuildFile; fileRef = 5824DF141A12F4AF004ABB6E /* GameViewController.swift */; };
		5824DF181A12F4AF004ABB6E /* Main.storyboard in Resources */ = {isa = PBXBuildFile; fileRef = 5824DF161A12F4AF004ABB6E /* Main.storyboard */; };
		5824DF1A1A12F4AF004ABB6E /* Images.xcassets in Resources */ = {isa = PBXBuildFile; fileRef = 5824DF191A12F4AF004ABB6E /* Images.xcassets */; };
		5824DF1D1A12F4AF004ABB6E /* LaunchScreen.xib in Resources */ = {isa = PBXBuildFile; fileRef = 5824DF1B1A12F4AF004ABB6E /* LaunchScreen.xib */; };
		5824DF291A12F4AF004ABB6E /* FlappyBirdDemoTests.swift in Sources */ = {isa = PBXBuildFile; fileRef = 5824DF281A12F4AF004ABB6E /* FlappyBirdDemoTests.swift */; };
/* End PBXBuildFile section */

/* Begin PBXContainerItemProxy section */
		5824DF231A12F4AF004ABB6E /* PBXContainerItemProxy */ = {
			isa = PBXContainerItemProxy;
			containerPortal = 5824DF011A12F4AF004ABB6E /* Project object */;
			proxyType = 1;
			remoteGlobalIDString = 5824DF081A12F4AF004ABB6E;
			remoteInfo = FlappyBirdDemo;
		};
/* End PBXContainerItemProxy section */

/* Begin PBXFileReference section */
		5824DF091A12F4AF004ABB6E /* FlappyBirdDemo.app */ = {isa = PBXFileReference; explicitFileType = wrapper.application; includeInIndex = 0; path = FlappyBirdDemo.app; sourceTree = BUILT_PRODUCTS_DIR; };
		5824DF0D1A12F4AF004ABB6E /* Info.plist */ = {isa = PBXFileReference; lastKnownFileType = text.plist.xml; path = Info.plist; sourceTree = "<group>"; };
		5824DF0E1A12F4AF004ABB6E /* AppDelegate.swift */ = {isa = PBXFileReference; lastKnownFileType = sourcecode.swift; path = AppDelegate.swift; sourceTree = "<group>"; };
		5824DF101A12F4AF004ABB6E /* GameScene.sks */ = {isa = PBXFileReference; lastKnownFileType = file.sks; path = GameScene.sks; sourceTree = "<group>"; };
		5824DF121A12F4AF004ABB6E /* GameScene.swift */ = {isa = PBXFileReference; lastKnownFileType = sourcecode.swift; path = GameScene.swift; sourceTree = "<group>"; };
		5824DF141A12F4AF004ABB6E /* GameViewController.swift */ = {isa = PBXFileReference; lastKnownFileType = sourcecode.swift; path = GameViewController.swift; sourceTree = "<group>"; };
		5824DF171A12F4AF004ABB6E /* Base */ = {isa = PBXFileReference; lastKnownFileType = file.storyboard; name = Base; path = Base.lproj/Main.storyboard; sourceTree = "<group>"; };
		5824DF191A12F4AF004ABB6E /* Images.xcassets */ = {isa = PBXFileReference; lastKnownFileType = folder.assetcatalog; path = Images.xcassets; sourceTree = "<group>"; };
		5824DF1C1A12F4AF004ABB6E /* Base */ = {isa = PBXFileReference; lastKnownFileType = file.xib; name = Base; path = Base.lproj/LaunchScreen.xib; sourceTree = "<group>"; };
		5824DF221A12F4AF004ABB6E /* FlappyBirdDemoTests.xctest */ = {isa = PBXFileReference; explicitFileType = wrapper.cfbundle; includeInIndex = 0; path = FlappyBirdDemoTests.xctest; sourceTree = BUILT_PRODUCTS_DIR; };
		5824DF271A12F4AF004ABB6E /* Info.plist */ = {isa = PBXFileReference; lastKnownFileType = text.plist.xml; path = Info.plist; sourceTree = "<group>"; };
		5824DF281A12F4AF004ABB6E /* FlappyBirdDemoTests.swift */ = {isa = PBXFileReference; lastKnownFileType = sourcecode.swift; path = FlappyBirdDemoTests.swift; sourceTree = "<group>"; };
/* End PBXFileReference section */

/* Begin PBXFrameworksBuildPhase section */
		5824DF061A12F4AF004ABB6E /* Frameworks */ = {
			isa = PBXFrameworksBuildPhase;
			buildActionMask = 2147483647;
			files = (
			);
			runOnlyForDeploymentPostprocessing = 0;
		};
		5824DF1F1A12F4AF004ABB6E /* Frameworks */ = {
			isa = PBXFrameworksBuildPhase;
			buildActionMask = 2147483647;
			files = (
			);
			runOnlyForDeploymentPostprocessing = 0;
		};
/* End PBXFrameworksBuildPhase section */

/* Begin PBXGroup section */
		5824DF001A12F4AF004ABB6E = {
			isa = PBXGroup;
			children = (
				5824DF0B1A12F4AF004ABB6E /* FlappyBirdDemo */,
				5824DF251A12F4AF004ABB6E /* FlappyBirdDemoTests */,
				5824DF0A1A12F4AF004ABB6E /* Products */,
			);
			sourceTree = "<group>";
		};
		5824DF0A1A12F4AF004ABB6E /* Products */ = {
			isa = PBXGroup;
			children = (
				5824DF091A12F4AF004ABB6E /* FlappyBirdDemo.app */,
				5824DF221A12F4AF004ABB6E /* FlappyBirdDemoTests.xctest */,
			);
			name = Products;
			sourceTree = "<group>";
		};
		5824DF0B1A12F4AF004ABB6E /* FlappyBirdDemo */ = {
			isa = PBXGroup;
			children = (
				5824DF0E1A12F4AF004ABB6E /* AppDelegate.swift */,
				5824DF101A12F4AF004ABB6E /* GameScene.sks */,
				5824DF121A12F4AF004ABB6E /* GameScene.swift */,
				5824DF141A12F4AF004ABB6E /* GameViewController.swift */,
				5824DF161A12F4AF004ABB6E /* Main.storyboard */,
				5824DF191A12F4AF004ABB6E /* Images.xcassets */,
				5824DF1B1A12F4AF004ABB6E /* LaunchScreen.xib */,
				5824DF0C1A12F4AF004ABB6E /* Supporting Files */,
			);
			path = FlappyBirdDemo;
			sourceTree = "<group>";
		};
		5824DF0C1A12F4AF004ABB6E /* Supporting Files */ = {
			isa = PBXGroup;
			children = (
				5824DF0D1A12F4AF004ABB6E /* Info.plist */,
			);
			name = "Supporting Files";
			sourceTree = "<group>";
		};
		5824DF251A12F4AF004ABB6E /* FlappyBirdDemoTests */ = {
			isa = PBXGroup;
			children = (
				5824DF281A12F4AF004ABB6E /* FlappyBirdDemoTests.swift */,
				5824DF261A12F4AF004ABB6E /* Supporting Files */,
			);
			path = FlappyBirdDemoTests;
			sourceTree = "<group>";
		};
		5824DF261A12F4AF004ABB6E /* Supporting Files */ = {
			isa = PBXGroup;
			children = (
				5824DF271A12F4AF004ABB6E /* Info.plist */,
			);
			name = "Supporting Files";
			sourceTree = "<group>";
		};
/* End PBXGroup section */

/* Begin PBXNativeTarget section */
		5824DF081A12F4AF004ABB6E /* FlappyBirdDemo */ = {
			isa = PBXNativeTarget;
			buildConfigurationList = 5824DF2C1A12F4AF004ABB6E /* Build configuration list for PBXNativeTarget "FlappyBirdDemo" */;
			buildPhases = (
				5824DF051A12F4AF004ABB6E /* Sources */,
				5824DF061A12F4AF004ABB6E /* Frameworks */,
				5824DF071A12F4AF004ABB6E /* Resources */,
			);
			buildRules = (
			);
			dependencies = (
			);
			name = FlappyBirdDemo;
			productName = FlappyBirdDemo;
			productReference = 5824DF091A12F4AF004ABB6E /* FlappyBirdDemo.app */;
			productType = "com.apple.product-type.application";
		};
		5824DF211A12F4AF004ABB6E /* FlappyBirdDemoTests */ = {
			isa = PBXNativeTarget;
			buildConfigurationList = 5824DF2F1A12F4AF004ABB6E /* Build configuration list for PBXNativeTarget "FlappyBirdDemoTests" */;
			buildPhases = (
				5824DF1E1A12F4AF004ABB6E /* Sources */,
				5824DF1F1A12F4AF004ABB6E /* Frameworks */,
				5824DF201A12F4AF004ABB6E /* Resources */,
			);
			buildRules = (
			);
			dependencies = (
				5824DF241A12F4AF004ABB6E /* PBXTargetDependency */,
			);
			name = FlappyBirdDemoTests;
			productName = FlappyBirdDemoTests;
			productReference = 5824DF221A12F4AF004ABB6E /* FlappyBirdDemoTests.xctest */;
			productType = "com.apple.product-type.bundle.unit-test";
		};
/* End PBXNativeTarget section */

/* Begin PBXProject section */
		5824DF011A12F4AF004ABB6E /* Project object */ = {
			isa = PBXProject;
			attributes = {
				LastUpgradeCheck = 0610;
				ORGANIZATIONNAME = "Lee Ransom";
				TargetAttributes = {
					5824DF081A12F4AF004ABB6E = {
						CreatedOnToolsVersion = 6.1;
					};
					5824DF211A12F4AF004ABB6E = {
						CreatedOnToolsVersion = 6.1;
						TestTargetID = 5824DF081A12F4AF004ABB6E;
					};
				};
			};
			buildConfigurationList = 5824DF041A12F4AF004ABB6E /* Build configuration list for PBXProject "FlappyBirdDemo" */;
			compatibilityVersion = "Xcode 3.2";
			developmentRegion = English;
			hasScannedForEncodings = 0;
			knownRegions = (
				en,
				Base,
			);
			mainGroup = 5824DF001A12F4AF004ABB6E;
			productRefGroup = 5824DF0A1A12F4AF004ABB6E /* Products */;
			projectDirPath = "";
			projectRoot = "";
			targets = (
				5824DF081A12F4AF004ABB6E /* FlappyBirdDemo */,
				5824DF211A12F4AF004ABB6E /* FlappyBirdDemoTests */,
			);
		};
/* End PBXProject section */

/* Begin PBXResourcesBuildPhase section */
		5824DF071A12F4AF004ABB6E /* Resources */ = {
			isa = PBXResourcesBuildPhase;
			buildActionMask = 2147483647;
			files = (
				5824DF1D1A12F4AF004ABB6E /* LaunchScreen.xib in Resources */,
				5824DF1A1A12F4AF004ABB6E /* Images.xcassets in Resources */,
				5824DF111A12F4AF004ABB6E /* GameScene.sks in Resources */,
				5824DF181A12F4AF004ABB6E /* Main.storyboard in Resources */,
			);
			runOnlyForDeploymentPostprocessing = 0;
		};
		5824DF201A12F4AF004ABB6E /* Resources */ = {
			isa = PBXResourcesBuildPhase;
			buildActionMask = 2147483647;
			files = (
			);
			runOnlyForDeploymentPostprocessing = 0;
		};
/* End PBXResourcesBuildPhase section */

/* Begin PBXSourcesBuildPhase section */
		5824DF051A12F4AF004ABB6E /* Sources */ = {
			isa = PBXSourcesBuildPhase;
			buildActionMask = 2147483647;
			files = (
				5824DF131A12F4AF004ABB6E /* GameScene.swift in Sources */,
				5824DF151A12F4AF004ABB6E /* GameViewController.swift in Sources */,
				5824DF0F1A12F4AF004ABB6E /* AppDelegate.swift in Sources */,
			);
			runOnlyForDeploymentPostprocessing = 0;
		};
		5824DF1E1A12F4AF004ABB6E /* Sources */ = {
			isa = PBXSourcesBuildPhase;
			buildActionMask = 2147483647;
			files = (
				5824DF291A12F4AF004ABB6E /* FlappyBirdDemoTests.swift in Sources */,
			);
			runOnlyForDeploymentPostprocessing = 0;
		};
/* End PBXSourcesBuildPhase section */

/* Begin PBXTargetDependency section */
		5824DF241A12F4AF004ABB6E /* PBXTargetDependency */ = {
			isa = PBXTargetDependency;
			target = 5824DF081A12F4AF004ABB6E /* FlappyBirdDemo */;
			targetProxy = 5824DF231A12F4AF004ABB6E /* PBXContainerItemProxy */;
		};
/* End PBXTargetDependency section */

/* Begin PBXVariantGroup section */
		5824DF161A12F4AF004ABB6E /* Main.storyboard */ = {
			isa = PBXVariantGroup;
			children = (
				5824DF171A12F4AF004ABB6E /* Base */,
			);
			name = Main.storyboard;
			sourceTree = "<group>";
		};
		5824DF1B1A12F4AF004ABB6E /* LaunchScreen.xib */ = {
			isa = PBXVariantGroup;
			children = (
				5824DF1C1A12F4AF004ABB6E /* Base */,
			);
			name = LaunchScreen.xib;
			sourceTree = "<group>";
		};
/* End PBXVariantGroup section */

/* Begin XCBuildConfiguration section */
		5824DF2A1A12F4AF004ABB6E /* Debug */ = {
			isa = XCBuildConfiguration;
			buildSettings = {
				ALWAYS_SEARCH_USER_PATHS = NO;
				CLANG_CXX_LANGUAGE_STANDARD = "gnu++0x";
				CLANG_CXX_LIBRARY = "libc++";
				CLANG_ENABLE_MODULES = YES;
				CLANG_ENABLE_OBJC_ARC = YES;
				CLANG_WARN_BOOL_CONVERSION = YES;
				CLANG_WARN_CONSTANT_CONVERSION = YES;
				CLANG_WARN_DIRECT_OBJC_ISA_USAGE = YES_ERROR;
				CLANG_WARN_EMPTY_BODY = YES;
				CLANG_WARN_ENUM_CONVERSION = YES;
				CLANG_WARN_INT_CONVERSION = YES;
				CLANG_WARN_OBJC_ROOT_CLASS = YES_ERROR;
				CLANG_WARN_UNREACHABLE_CODE = YES;
				CLANG_WARN__DUPLICATE_METHOD_MATCH = YES;
				"CODE_SIGN_IDENTITY[sdk=iphoneos*]" = "iPhone Developer";
				COPY_PHASE_STRIP = NO;
				ENABLE_STRICT_OBJC_MSGSEND = YES;
				GCC_C_LANGUAGE_STANDARD = gnu99;
				GCC_DYNAMIC_NO_PIC = NO;
				GCC_OPTIMIZATION_LEVEL = 0;
				GCC_PREPROCESSOR_DEFINITIONS = (
					"DEBUG=1",
					"$(inherited)",
				);
				GCC_SYMBOLS_PRIVATE_EXTERN = NO;
				GCC_WARN_64_TO_32_BIT_CONVERSION = YES;
				GCC_WARN_ABOUT_RETURN_TYPE = YES_ERROR;
				GCC_WARN_UNDECLARED_SELECTOR = YES;
				GCC_WARN_UNINITIALIZED_AUTOS = YES_AGGRESSIVE;
				GCC_WARN_UNUSED_FUNCTION = YES;
				GCC_WARN_UNUSED_VARIABLE = YES;
				IPHONEOS_DEPLOYMENT_TARGET = 8.1;
				MTL_ENABLE_DEBUG_INFO = YES;
				ONLY_ACTIVE_ARCH = YES;
				SDKROOT = iphoneos;
				SWIFT_OPTIMIZATION_LEVEL = "-Onone";
			};
			name = Debug;
		};
		5824DF2B1A12F4AF004ABB6E /* Release */ = {
			isa = XCBuildConfiguration;
			buildSettings = {
				ALWAYS_SEARCH_USER_PATHS = NO;
				CLANG_CXX_LANGUAGE_STANDARD = "gnu++0x";
				CLANG_CXX_LIBRARY = "libc++";
				CLANG_ENABLE_MODULES = YES;
				CLANG_ENABLE_OBJC_ARC = YES;
				CLANG_WARN_BOOL_CONVERSION = YES;
				CLANG_WARN_CONSTANT_CONVERSION = YES;
				CLANG_WARN_DIRECT_OBJC_ISA_USAGE = YES_ERROR;
				CLANG_WARN_EMPTY_BODY = YES;
				CLANG_WARN_ENUM_CONVERSION = YES;
				CLANG_WARN_INT_CONVERSION = YES;
				CLANG_WARN_OBJC_ROOT_CLASS = YES_ERROR;
				CLANG_WARN_UNREACHABLE_CODE = YES;
				CLANG_WARN__DUPLICATE_METHOD_MATCH = YES;
				"CODE_SIGN_IDENTITY[sdk=iphoneos*]" = "iPhone Developer";
				COPY_PHASE_STRIP = YES;
				ENABLE_NS_ASSERTIONS = NO;
				ENABLE_STRICT_OBJC_MSGSEND = YES;
				GCC_C_LANGUAGE_STANDARD = gnu99;
				GCC_WARN_64_TO_32_BIT_CONVERSION = YES;
				GCC_WARN_ABOUT_RETURN_TYPE = YES_ERROR;
				GCC_WARN_UNDECLARED_SELECTOR = YES;
				GCC_WARN_UNINITIALIZED_AUTOS = YES_AGGRESSIVE;
				GCC_WARN_UNUSED_FUNCTION = YES;
				GCC_WARN_UNUSED_VARIABLE = YES;
				IPHONEOS_DEPLOYMENT_TARGET = 8.1;
				MTL_ENABLE_DEBUG_INFO = NO;
				SDKROOT = iphoneos;
				VALIDATE_PRODUCT = YES;
			};
			name = Release;
		};
		5824DF2D1A12F4AF004ABB6E /* Debug */ = {
			isa = XCBuildConfiguration;
			buildSettings = {
				ASSETCATALOG_COMPILER_APPICON_NAME = AppIcon;
				INFOPLIST_FILE = FlappyBirdDemo/Info.plist;
				LD_RUNPATH_SEARCH_PATHS = "$(inherited) @executable_path/Frameworks";
				PRODUCT_NAME = "$(TARGET_NAME)";
			};
			name = Debug;
		};
		5824DF2E1A12F4AF004ABB6E /* Release */ = {
			isa = XCBuildConfiguration;
			buildSettings = {
				ASSETCATALOG_COMPILER_APPICON_NAME = AppIcon;
				INFOPLIST_FILE = FlappyBirdDemo/Info.plist;
				LD_RUNPATH_SEARCH_PATHS = "$(inherited) @executable_path/Frameworks";
				PRODUCT_NAME = "$(TARGET_NAME)";
			};
			name = Release;
		};
		5824DF301A12F4AF004ABB6E /* Debug */ = {
			isa = XCBuildConfiguration;
			buildSettings = {
				BUNDLE_LOADER = "$(TEST_HOST)";
				FRAMEWORK_SEARCH_PATHS = (
					"$(SDKROOT)/Developer/Library/Frameworks",
					"$(inherited)",
				);
				GCC_PREPROCESSOR_DEFINITIONS = (
					"DEBUG=1",
					"$(inherited)",
				);
				INFOPLIST_FILE = FlappyBirdDemoTests/Info.plist;
				LD_RUNPATH_SEARCH_PATHS = "$(inherited) @executable_path/Frameworks @loader_path/Frameworks";
				PRODUCT_NAME = "$(TARGET_NAME)";
				TEST_HOST = "$(BUILT_PRODUCTS_DIR)/FlappyBirdDemo.app/FlappyBirdDemo";
			};
			name = Debug;
		};
		5824DF311A12F4AF004ABB6E /* Release */ = {
			isa = XCBuildConfiguration;
			buildSettings = {
				BUNDLE_LOADER = "$(TEST_HOST)";
				FRAMEWORK_SEARCH_PATHS = (
					"$(SDKROOT)/Developer/Library/Frameworks",
					"$(inherited)",
				);
				INFOPLIST_FILE = FlappyBirdDemoTests/Info.plist;
				LD_RUNPATH_SEARCH_PATHS = "$(inherited) @executable_path/Frameworks @loader_path/Frameworks";
				PRODUCT_NAME = "$(TARGET_NAME)";
				TEST_HOST = "$(BUILT_PRODUCTS_DIR)/FlappyBirdDemo.app/FlappyBirdDemo";
			};
			name = Release;
		};
/* End XCBuildConfiguration section */

/* Begin XCConfigurationList section */
		5824DF041A12F4AF004ABB6E /* Build configuration list for PBXProject "FlappyBirdDemo" */ = {
			isa = XCConfigurationList;
			buildConfigurations = (
				5824DF2A1A12F4AF004ABB6E /* Debug */,
				5824DF2B1A12F4AF004ABB6E /* Release */,
			);
			defaultConfigurationIsVisible = 0;
			defaultConfigurationName = Release;
		};
		5824DF2C1A12F4AF004ABB6E /* Build configuration list for PBXNativeTarget "FlappyBirdDemo" */ = {
			isa = XCConfigurationList;
			buildConfigurations = (
				5824DF2D1A12F4AF004ABB6E /* Debug */,
				5824DF2E1A12F4AF004ABB6E /* Release */,
			);
			defaultConfigurationIsVisible = 0;
		};
		5824DF2F1A12F4AF004ABB6E /* Build configuration list for PBXNativeTarget "FlappyBirdDemoTests" */ = {
			isa = XCConfigurationList;
			buildConfigurations = (
				5824DF301A12F4AF004ABB6E /* Debug */,
				5824DF311A12F4AF004ABB6E /* Release */,
			);
			defaultConfigurationIsVisible = 0;
		};
/* End XCConfigurationList section */
	};
	rootObject = 5824DF011A12F4AF004ABB6E /* Project object */;
}
